// !$*UTF8*$!
{
	archiveVersion = 1;
	classes = {
	};
	objectVersion = 50;
	objects = {

/* Begin PBXBuildFile section */
		955A531424DAC0A300A49003 /* SharingAssetsWithAnAppClipApp.swift in Sources */ = {isa = PBXBuildFile; fileRef = 955A531324DAC0A300A49003 /* SharingAssetsWithAnAppClipApp.swift */; };
		955A531624DAC0A300A49003 /* ContentView.swift in Sources */ = {isa = PBXBuildFile; fileRef = 955A531524DAC0A300A49003 /* ContentView.swift */; };
		955A531824DAC0A500A49003 /* Assets.xcassets in Resources */ = {isa = PBXBuildFile; fileRef = 955A531724DAC0A500A49003 /* Assets.xcassets */; };
		955A531B24DAC0A500A49003 /* Preview Assets.xcassets in Resources */ = {isa = PBXBuildFile; fileRef = 955A531A24DAC0A500A49003 /* Preview Assets.xcassets */; };
		955A532924DAC15D00A49003 /* MyAppClipApp.swift in Sources */ = {isa = PBXBuildFile; fileRef = 955A532824DAC15D00A49003 /* MyAppClipApp.swift */; };
		955A532B24DAC15D00A49003 /* ContentView.swift in Sources */ = {isa = PBXBuildFile; fileRef = 955A532A24DAC15D00A49003 /* ContentView.swift */; };
		955A532D24DAC15E00A49003 /* Assets.xcassets in Resources */ = {isa = PBXBuildFile; fileRef = 955A532C24DAC15E00A49003 /* Assets.xcassets */; };
		955A533024DAC15E00A49003 /* Preview Assets.xcassets in Resources */ = {isa = PBXBuildFile; fileRef = 955A532F24DAC15E00A49003 /* Preview Assets.xcassets */; };
		955A533524DAC15E00A49003 /* MyAppClip.app in Embed App Clips */ = {isa = PBXBuildFile; fileRef = 955A532624DAC15D00A49003 /* MyAppClip.app */; settings = {ATTRIBUTES = (RemoveHeadersOnCopy, ); }; };
		955A533B24DAC1A400A49003 /* SharedAssetsCatalog.xcassets in Resources */ = {isa = PBXBuildFile; fileRef = 955A533A24DAC1A400A49003 /* SharedAssetsCatalog.xcassets */; };
		955A533C24DAC1A400A49003 /* SharedAssetsCatalog.xcassets in Resources */ = {isa = PBXBuildFile; fileRef = 955A533A24DAC1A400A49003 /* SharedAssetsCatalog.xcassets */; };
/* End PBXBuildFile section */

/* Begin PBXContainerItemProxy section */
		955A533324DAC15E00A49003 /* PBXContainerItemProxy */ = {
			isa = PBXContainerItemProxy;
			containerPortal = 955A530824DAC0A300A49003 /* Project object */;
			proxyType = 1;
			remoteGlobalIDString = 955A532524DAC15D00A49003;
			remoteInfo = MyAppClip;
		};
/* End PBXContainerItemProxy section */

/* Begin PBXCopyFilesBuildPhase section */
		955A533924DAC15F00A49003 /* Embed App Clips */ = {
			isa = PBXCopyFilesBuildPhase;
			buildActionMask = 2147483647;
			dstPath = "$(CONTENTS_FOLDER_PATH)/AppClips";
			dstSubfolderSpec = 16;
			files = (
				955A533524DAC15E00A49003 /* MyAppClip.app in Embed App Clips */,
			);
			name = "Embed App Clips";
			runOnlyForDeploymentPostprocessing = 0;
		};
/* End PBXCopyFilesBuildPhase section */

/* Begin PBXFileReference section */
		955A531024DAC0A300A49003 /* SharingAssetsWithAnAppClip.app */ = {isa = PBXFileReference; explicitFileType = wrapper.application; includeInIndex = 0; path = SharingAssetsWithAnAppClip.app; sourceTree = BUILT_PRODUCTS_DIR; };
		955A531324DAC0A300A49003 /* SharingAssetsWithAnAppClipApp.swift */ = {isa = PBXFileReference; lastKnownFileType = sourcecode.swift; path = SharingAssetsWithAnAppClipApp.swift; sourceTree = "<group>"; };
		955A531524DAC0A300A49003 /* ContentView.swift */ = {isa = PBXFileReference; lastKnownFileType = sourcecode.swift; path = ContentView.swift; sourceTree = "<group>"; };
		955A531724DAC0A500A49003 /* Assets.xcassets */ = {isa = PBXFileReference; lastKnownFileType = folder.assetcatalog; path = Assets.xcassets; sourceTree = "<group>"; };
		955A531A24DAC0A500A49003 /* Preview Assets.xcassets */ = {isa = PBXFileReference; lastKnownFileType = folder.assetcatalog; path = "Preview Assets.xcassets"; sourceTree = "<group>"; };
		955A531C24DAC0A500A49003 /* Info.plist */ = {isa = PBXFileReference; lastKnownFileType = text.plist.xml; path = Info.plist; sourceTree = "<group>"; };
		955A532624DAC15D00A49003 /* MyAppClip.app */ = {isa = PBXFileReference; explicitFileType = wrapper.application; includeInIndex = 0; path = MyAppClip.app; sourceTree = BUILT_PRODUCTS_DIR; };
		955A532824DAC15D00A49003 /* MyAppClipApp.swift */ = {isa = PBXFileReference; lastKnownFileType = sourcecode.swift; path = MyAppClipApp.swift; sourceTree = "<group>"; };
		955A532A24DAC15D00A49003 /* ContentView.swift */ = {isa = PBXFileReference; lastKnownFileType = sourcecode.swift; path = ContentView.swift; sourceTree = "<group>"; };
		955A532C24DAC15E00A49003 /* Assets.xcassets */ = {isa = PBXFileReference; lastKnownFileType = folder.assetcatalog; path = Assets.xcassets; sourceTree = "<group>"; };
		955A532F24DAC15E00A49003 /* Preview Assets.xcassets */ = {isa = PBXFileReference; lastKnownFileType = folder.assetcatalog; path = "Preview Assets.xcassets"; sourceTree = "<group>"; };
		955A533124DAC15E00A49003 /* Info.plist */ = {isa = PBXFileReference; lastKnownFileType = text.plist.xml; path = Info.plist; sourceTree = "<group>"; };
		955A533224DAC15E00A49003 /* MyAppClip.entitlements */ = {isa = PBXFileReference; lastKnownFileType = text.plist.entitlements; path = MyAppClip.entitlements; sourceTree = "<group>"; };
		955A533A24DAC1A400A49003 /* SharedAssetsCatalog.xcassets */ = {isa = PBXFileReference; lastKnownFileType = folder.assetcatalog; path = SharedAssetsCatalog.xcassets; sourceTree = "<group>"; };
/* End PBXFileReference section */

/* Begin PBXFrameworksBuildPhase section */
		955A530D24DAC0A300A49003 /* Frameworks */ = {
			isa = PBXFrameworksBuildPhase;
			buildActionMask = 2147483647;
			files = (
			);
			runOnlyForDeploymentPostprocessing = 0;
		};
		955A532324DAC15D00A49003 /* Frameworks */ = {
			isa = PBXFrameworksBuildPhase;
			buildActionMask = 2147483647;
			files = (
			);
			runOnlyForDeploymentPostprocessing = 0;
		};
/* End PBXFrameworksBuildPhase section */

/* Begin PBXGroup section */
		955A530724DAC0A300A49003 = {
			isa = PBXGroup;
			children = (
				955A531224DAC0A300A49003 /* SharingAssetsWithAnAppClip */,
				955A532724DAC15D00A49003 /* MyAppClip */,
				955A531124DAC0A300A49003 /* Products */,
			);
			sourceTree = "<group>";
		};
		955A531124DAC0A300A49003 /* Products */ = {
			isa = PBXGroup;
			children = (
				955A531024DAC0A300A49003 /* SharingAssetsWithAnAppClip.app */,
				955A532624DAC15D00A49003 /* MyAppClip.app */,
			);
			name = Products;
			sourceTree = "<group>";
		};
		955A531224DAC0A300A49003 /* SharingAssetsWithAnAppClip */ = {
			isa = PBXGroup;
			children = (
				955A531324DAC0A300A49003 /* SharingAssetsWithAnAppClipApp.swift */,
				955A531524DAC0A300A49003 /* ContentView.swift */,
				955A531724DAC0A500A49003 /* Assets.xcassets */,
				955A533A24DAC1A400A49003 /* SharedAssetsCatalog.xcassets */,
				955A531C24DAC0A500A49003 /* Info.plist */,
				955A531924DAC0A500A49003 /* Preview Content */,
			);
			path = SharingAssetsWithAnAppClip;
			sourceTree = "<group>";
		};
		955A531924DAC0A500A49003 /* Preview Content */ = {
			isa = PBXGroup;
			children = (
				955A531A24DAC0A500A49003 /* Preview Assets.xcassets */,
			);
			path = "Preview Content";
			sourceTree = "<group>";
		};
		955A532724DAC15D00A49003 /* MyAppClip */ = {
			isa = PBXGroup;
			children = (
				955A532824DAC15D00A49003 /* MyAppClipApp.swift */,
				955A532A24DAC15D00A49003 /* ContentView.swift */,
				955A532C24DAC15E00A49003 /* Assets.xcassets */,
				955A533124DAC15E00A49003 /* Info.plist */,
				955A533224DAC15E00A49003 /* MyAppClip.entitlements */,
				955A532E24DAC15E00A49003 /* Preview Content */,
			);
			path = MyAppClip;
			sourceTree = "<group>";
		};
		955A532E24DAC15E00A49003 /* Preview Content */ = {
			isa = PBXGroup;
			children = (
				955A532F24DAC15E00A49003 /* Preview Assets.xcassets */,
			);
			path = "Preview Content";
			sourceTree = "<group>";
		};
/* End PBXGroup section */

/* Begin PBXNativeTarget section */
		955A530F24DAC0A300A49003 /* SharingAssetsWithAnAppClip */ = {
			isa = PBXNativeTarget;
			buildConfigurationList = 955A531F24DAC0A500A49003 /* Build configuration list for PBXNativeTarget "SharingAssetsWithAnAppClip" */;
			buildPhases = (
				955A530C24DAC0A300A49003 /* Sources */,
				955A530D24DAC0A300A49003 /* Frameworks */,
				955A530E24DAC0A300A49003 /* Resources */,
				955A533924DAC15F00A49003 /* Embed App Clips */,
			);
			buildRules = (
			);
			dependencies = (
				955A533424DAC15E00A49003 /* PBXTargetDependency */,
			);
			name = SharingAssetsWithAnAppClip;
			productName = SharingAssetsWithAnAppClip;
			productReference = 955A531024DAC0A300A49003 /* SharingAssetsWithAnAppClip.app */;
			productType = "com.apple.product-type.application";
		};
		955A532524DAC15D00A49003 /* MyAppClip */ = {
			isa = PBXNativeTarget;
			buildConfigurationList = 955A533624DAC15F00A49003 /* Build configuration list for PBXNativeTarget "MyAppClip" */;
			buildPhases = (
				955A532224DAC15D00A49003 /* Sources */,
				955A532324DAC15D00A49003 /* Frameworks */,
				955A532424DAC15D00A49003 /* Resources */,
			);
			buildRules = (
			);
			dependencies = (
			);
			name = MyAppClip;
			productName = MyAppClip;
			productReference = 955A532624DAC15D00A49003 /* MyAppClip.app */;
			productType = "com.apple.product-type.application.on-demand-install-capable";
		};
/* End PBXNativeTarget section */

/* Begin PBXProject section */
		955A530824DAC0A300A49003 /* Project object */ = {
			isa = PBXProject;
			attributes = {
				LastSwiftUpdateCheck = 1200;
				LastUpgradeCheck = 1200;
				TargetAttributes = {
					955A530F24DAC0A300A49003 = {
						CreatedOnToolsVersion = 12.0;
					};
					955A532524DAC15D00A49003 = {
						CreatedOnToolsVersion = 12.0;
					};
				};
			};
			buildConfigurationList = 955A530B24DAC0A300A49003 /* Build configuration list for PBXProject "SharingAssetsWithAnAppClip" */;
			compatibilityVersion = "Xcode 9.3";
			developmentRegion = en;
			hasScannedForEncodings = 0;
			knownRegions = (
				en,
				Base,
			);
			mainGroup = 955A530724DAC0A300A49003;
			productRefGroup = 955A531124DAC0A300A49003 /* Products */;
			projectDirPath = "";
			projectRoot = "";
			targets = (
				955A530F24DAC0A300A49003 /* SharingAssetsWithAnAppClip */,
				955A532524DAC15D00A49003 /* MyAppClip */,
			);
		};
/* End PBXProject section */

/* Begin PBXResourcesBuildPhase section */
		955A530E24DAC0A300A49003 /* Resources */ = {
			isa = PBXResourcesBuildPhase;
			buildActionMask = 2147483647;
			files = (
				955A533B24DAC1A400A49003 /* SharedAssetsCatalog.xcassets in Resources */,
				955A531B24DAC0A500A49003 /* Preview Assets.xcassets in Resources */,
				955A531824DAC0A500A49003 /* Assets.xcassets in Resources */,
			);
			runOnlyForDeploymentPostprocessing = 0;
		};
		955A532424DAC15D00A49003 /* Resources */ = {
			isa = PBXResourcesBuildPhase;
			buildActionMask = 2147483647;
			files = (
				955A533C24DAC1A400A49003 /* SharedAssetsCatalog.xcassets in Resources */,
				955A533024DAC15E00A49003 /* Preview Assets.xcassets in Resources */,
				955A532D24DAC15E00A49003 /* Assets.xcassets in Resources */,
			);
			runOnlyForDeploymentPostprocessing = 0;
		};
/* End PBXResourcesBuildPhase section */

/* Begin PBXSourcesBuildPhase section */
		955A530C24DAC0A300A49003 /* Sources */ = {
			isa = PBXSourcesBuildPhase;
			buildActionMask = 2147483647;
			files = (
				955A531624DAC0A300A49003 /* ContentView.swift in Sources */,
				955A531424DAC0A300A49003 /* SharingAssetsWithAnAppClipApp.swift in Sources */,
			);
			runOnlyForDeploymentPostprocessing = 0;
		};
		955A532224DAC15D00A49003 /* Sources */ = {
			isa = PBXSourcesBuildPhase;
			buildActionMask = 2147483647;
			files = (
				955A532B24DAC15D00A49003 /* ContentView.swift in Sources */,
				955A532924DAC15D00A49003 /* MyAppClipApp.swift in Sources */,
			);
			runOnlyForDeploymentPostprocessing = 0;
		};
/* End PBXSourcesBuildPhase section */

/* Begin PBXTargetDependency section */
		955A533424DAC15E00A49003 /* PBXTargetDependency */ = {
			isa = PBXTargetDependency;
			target = 955A532524DAC15D00A49003 /* MyAppClip */;
			targetProxy = 955A533324DAC15E00A49003 /* PBXContainerItemProxy */;
		};
/* End PBXTargetDependency section */

/* Begin XCBuildConfiguration section */
		955A531D24DAC0A500A49003 /* Debug */ = {
			isa = XCBuildConfiguration;
			buildSettings = {
				ALWAYS_SEARCH_USER_PATHS = NO;
				CLANG_ANALYZER_NONNULL = YES;
				CLANG_ANALYZER_NUMBER_OBJECT_CONVERSION = YES_AGGRESSIVE;
				CLANG_CXX_LANGUAGE_STANDARD = "gnu++14";
				CLANG_CXX_LIBRARY = "libc++";
				CLANG_ENABLE_MODULES = YES;
				CLANG_ENABLE_OBJC_ARC = YES;
				CLANG_ENABLE_OBJC_WEAK = YES;
				CLANG_WARN_BLOCK_CAPTURE_AUTORELEASING = YES;
				CLANG_WARN_BOOL_CONVERSION = YES;
				CLANG_WARN_COMMA = YES;
				CLANG_WARN_CONSTANT_CONVERSION = YES;
				CLANG_WARN_DEPRECATED_OBJC_IMPLEMENTATIONS = YES;
				CLANG_WARN_DIRECT_OBJC_ISA_USAGE = YES_ERROR;
				CLANG_WARN_DOCUMENTATION_COMMENTS = YES;
				CLANG_WARN_EMPTY_BODY = YES;
				CLANG_WARN_ENUM_CONVERSION = YES;
				CLANG_WARN_INFINITE_RECURSION = YES;
				CLANG_WARN_INT_CONVERSION = YES;
				CLANG_WARN_NON_LITERAL_NULL_CONVERSION = YES;
				CLANG_WARN_OBJC_IMPLICIT_RETAIN_SELF = YES;
				CLANG_WARN_OBJC_LITERAL_CONVERSION = YES;
				CLANG_WARN_OBJC_ROOT_CLASS = YES_ERROR;
				CLANG_WARN_QUOTED_INCLUDE_IN_FRAMEWORK_HEADER = YES;
				CLANG_WARN_RANGE_LOOP_ANALYSIS = YES;
				CLANG_WARN_STRICT_PROTOTYPES = YES;
				CLANG_WARN_SUSPICIOUS_MOVE = YES;
				CLANG_WARN_UNGUARDED_AVAILABILITY = YES_AGGRESSIVE;
				CLANG_WARN_UNREACHABLE_CODE = YES;
				CLANG_WARN__DUPLICATE_METHOD_MATCH = YES;
				COPY_PHASE_STRIP = NO;
				DEBUG_INFORMATION_FORMAT = dwarf;
				ENABLE_STRICT_OBJC_MSGSEND = YES;
				ENABLE_TESTABILITY = YES;
				GCC_C_LANGUAGE_STANDARD = gnu11;
				GCC_DYNAMIC_NO_PIC = NO;
				GCC_NO_COMMON_BLOCKS = YES;
				GCC_OPTIMIZATION_LEVEL = 0;
				GCC_PREPROCESSOR_DEFINITIONS = (
					"DEBUG=1",
					"$(inherited)",
				);
				GCC_WARN_64_TO_32_BIT_CONVERSION = YES;
				GCC_WARN_ABOUT_RETURN_TYPE = YES_ERROR;
				GCC_WARN_UNDECLARED_SELECTOR = YES;
				GCC_WARN_UNINITIALIZED_AUTOS = YES_AGGRESSIVE;
				GCC_WARN_UNUSED_FUNCTION = YES;
				GCC_WARN_UNUSED_VARIABLE = YES;
				IPHONEOS_DEPLOYMENT_TARGET = 14.0;
				MTL_ENABLE_DEBUG_INFO = INCLUDE_SOURCE;
				MTL_FAST_MATH = YES;
				ONLY_ACTIVE_ARCH = YES;
				SDKROOT = iphoneos;
				SWIFT_ACTIVE_COMPILATION_CONDITIONS = DEBUG;
				SWIFT_OPTIMIZATION_LEVEL = "-Onone";
			};
			name = Debug;
		};
		955A531E24DAC0A500A49003 /* Release */ = {
			isa = XCBuildConfiguration;
			buildSettings = {
				ALWAYS_SEARCH_USER_PATHS = NO;
				CLANG_ANALYZER_NONNULL = YES;
				CLANG_ANALYZER_NUMBER_OBJECT_CONVERSION = YES_AGGRESSIVE;
				CLANG_CXX_LANGUAGE_STANDARD = "gnu++14";
				CLANG_CXX_LIBRARY = "libc++";
				CLANG_ENABLE_MODULES = YES;
				CLANG_ENABLE_OBJC_ARC = YES;
				CLANG_ENABLE_OBJC_WEAK = YES;
				CLANG_WARN_BLOCK_CAPTURE_AUTORELEASING = YES;
				CLANG_WARN_BOOL_CONVERSION = YES;
				CLANG_WARN_COMMA = YES;
				CLANG_WARN_CONSTANT_CONVERSION = YES;
				CLANG_WARN_DEPRECATED_OBJC_IMPLEMENTATIONS = YES;
				CLANG_WARN_DIRECT_OBJC_ISA_USAGE = YES_ERROR;
				CLANG_WARN_DOCUMENTATION_COMMENTS = YES;
				CLANG_WARN_EMPTY_BODY = YES;
				CLANG_WARN_ENUM_CONVERSION = YES;
				CLANG_WARN_INFINITE_RECURSION = YES;
				CLANG_WARN_INT_CONVERSION = YES;
				CLANG_WARN_NON_LITERAL_NULL_CONVERSION = YES;
				CLANG_WARN_OBJC_IMPLICIT_RETAIN_SELF = YES;
				CLANG_WARN_OBJC_LITERAL_CONVERSION = YES;
				CLANG_WARN_OBJC_ROOT_CLASS = YES_ERROR;
				CLANG_WARN_QUOTED_INCLUDE_IN_FRAMEWORK_HEADER = YES;
				CLANG_WARN_RANGE_LOOP_ANALYSIS = YES;
				CLANG_WARN_STRICT_PROTOTYPES = YES;
				CLANG_WARN_SUSPICIOUS_MOVE = YES;
				CLANG_WARN_UNGUARDED_AVAILABILITY = YES_AGGRESSIVE;
				CLANG_WARN_UNREACHABLE_CODE = YES;
				CLANG_WARN__DUPLICATE_METHOD_MATCH = YES;
				COPY_PHASE_STRIP = NO;
				DEBUG_INFORMATION_FORMAT = "dwarf-with-dsym";
				ENABLE_NS_ASSERTIONS = NO;
				ENABLE_STRICT_OBJC_MSGSEND = YES;
				GCC_C_LANGUAGE_STANDARD = gnu11;
				GCC_NO_COMMON_BLOCKS = YES;
				GCC_WARN_64_TO_32_BIT_CONVERSION = YES;
				GCC_WARN_ABOUT_RETURN_TYPE = YES_ERROR;
				GCC_WARN_UNDECLARED_SELECTOR = YES;
				GCC_WARN_UNINITIALIZED_AUTOS = YES_AGGRESSIVE;
				GCC_WARN_UNUSED_FUNCTION = YES;
				GCC_WARN_UNUSED_VARIABLE = YES;
				IPHONEOS_DEPLOYMENT_TARGET = 14.0;
				MTL_ENABLE_DEBUG_INFO = NO;
				MTL_FAST_MATH = YES;
				SDKROOT = iphoneos;
				SWIFT_COMPILATION_MODE = wholemodule;
				SWIFT_OPTIMIZATION_LEVEL = "-O";
				VALIDATE_PRODUCT = YES;
			};
			name = Release;
		};
		955A532024DAC0A500A49003 /* Debug */ = {
			isa = XCBuildConfiguration;
			buildSettings = {
				ALWAYS_EMBED_SWIFT_STANDARD_LIBRARIES = YES;
				ASSETCATALOG_COMPILER_APPICON_NAME = AppIcon;
				ASSETCATALOG_COMPILER_GLOBAL_ACCENT_COLOR_NAME = AccentColor;
				CODE_SIGN_STYLE = Automatic;
				DEVELOPMENT_ASSET_PATHS = "\"SharingAssetsWithAnAppClip/Preview Content\"";
				DEVELOPMENT_TEAM = L8W86DZDY2;
				ENABLE_PREVIEWS = YES;
				INFOPLIST_FILE = SharingAssetsWithAnAppClip/Info.plist;
				IPHONEOS_DEPLOYMENT_TARGET = 14.0;
				LD_RUNPATH_SEARCH_PATHS = (
					"$(inherited)",
					"@executable_path/Frameworks",
				);
				PRODUCT_BUNDLE_IDENTIFIER = com.ri.SharingAssetsWithAnAppClip;
				PRODUCT_NAME = "$(TARGET_NAME)";
				SWIFT_VERSION = 5.0;
				TARGETED_DEVICE_FAMILY = "1,2";
			};
			name = Debug;
		};
		955A532124DAC0A500A49003 /* Release */ = {
			isa = XCBuildConfiguration;
			buildSettings = {
				ALWAYS_EMBED_SWIFT_STANDARD_LIBRARIES = YES;
				ASSETCATALOG_COMPILER_APPICON_NAME = AppIcon;
				ASSETCATALOG_COMPILER_GLOBAL_ACCENT_COLOR_NAME = AccentColor;
				CODE_SIGN_STYLE = Automatic;
				DEVELOPMENT_ASSET_PATHS = "\"SharingAssetsWithAnAppClip/Preview Content\"";
				DEVELOPMENT_TEAM = L8W86DZDY2;
				ENABLE_PREVIEWS = YES;
				INFOPLIST_FILE = SharingAssetsWithAnAppClip/Info.plist;
				IPHONEOS_DEPLOYMENT_TARGET = 14.0;
				LD_RUNPATH_SEARCH_PATHS = (
					"$(inherited)",
					"@executable_path/Frameworks",
				);
				PRODUCT_BUNDLE_IDENTIFIER = com.ri.SharingAssetsWithAnAppClip;
				PRODUCT_NAME = "$(TARGET_NAME)";
				SWIFT_VERSION = 5.0;
				TARGETED_DEVICE_FAMILY = "1,2";
			};
			name = Release;
		};
		955A533724DAC15F00A49003 /* Debug */ = {
			isa = XCBuildConfiguration;
			buildSettings = {
				ASSETCATALOG_COMPILER_APPICON_NAME = AppIcon;
				ASSETCATALOG_COMPILER_GLOBAL_ACCENT_COLOR_NAME = AccentColor;
				CODE_SIGN_ENTITLEMENTS = MyAppClip/MyAppClip.entitlements;
				CODE_SIGN_STYLE = Automatic;
				DEVELOPMENT_ASSET_PATHS = "\"MyAppClip/Preview Content\"";
				DEVELOPMENT_TEAM = L8W86DZDY2;
				ENABLE_PREVIEWS = YES;
				INFOPLIST_FILE = MyAppClip/Info.plist;
				IPHONEOS_DEPLOYMENT_TARGET = 14.0;
				LD_RUNPATH_SEARCH_PATHS = (
					"$(inherited)",
					"@executable_path/Frameworks",
				);
				PRODUCT_BUNDLE_IDENTIFIER = com.ri.SharingAssetsWithAnAppClip.Clip;
				PRODUCT_NAME = "$(TARGET_NAME)";
				SWIFT_VERSION = 5.0;
				TARGETED_DEVICE_FAMILY = "1,2";
			};
			name = Debug;
		};
		955A533824DAC15F00A49003 /* Release */ = {
			isa = XCBuildConfiguration;
			buildSettings = {
				ASSETCATALOG_COMPILER_APPICON_NAME = AppIcon;
				ASSETCATALOG_COMPILER_GLOBAL_ACCENT_COLOR_NAME = AccentColor;
				CODE_SIGN_ENTITLEMENTS = MyAppClip/MyAppClip.entitlements;
				CODE_SIGN_STYLE = Automatic;
				DEVELOPMENT_ASSET_PATHS = "\"MyAppClip/Preview Content\"";
				DEVELOPMENT_TEAM = L8W86DZDY2;
				ENABLE_PREVIEWS = YES;
				INFOPLIST_FILE = MyAppClip/Info.plist;
				IPHONEOS_DEPLOYMENT_TARGET = 14.0;
				LD_RUNPATH_SEARCH_PATHS = (
					"$(inherited)",
					"@executable_path/Frameworks",
				);
				PRODUCT_BUNDLE_IDENTIFIER = com.ri.SharingAssetsWithAnAppClip.Clip;
				PRODUCT_NAME = "$(TARGET_NAME)";
				SWIFT_VERSION = 5.0;
				TARGETED_DEVICE_FAMILY = "1,2";
			};
			name = Release;
		};
/* End XCBuildConfiguration section */

/* Begin XCConfigurationList section */
		955A530B24DAC0A300A49003 /* Build configuration list for PBXProject "SharingAssetsWithAnAppClip" */ = {
			isa = XCConfigurationList;
			buildConfigurations = (
				955A531D24DAC0A500A49003 /* Debug */,
				955A531E24DAC0A500A49003 /* Release */,
			);
			defaultConfigurationIsVisible = 0;
			defaultConfigurationName = Release;
		};
		955A531F24DAC0A500A49003 /* Build configuration list for PBXNativeTarget "SharingAssetsWithAnAppClip" */ = {
			isa = XCConfigurationList;
			buildConfigurations = (
				955A532024DAC0A500A49003 /* Debug */,
				955A532124DAC0A500A49003 /* Release */,
			);
			defaultConfigurationIsVisible = 0;
			defaultConfigurationName = Release;
		};
		955A533624DAC15F00A49003 /* Build configuration list for PBXNativeTarget "MyAppClip" */ = {
			isa = XCConfigurationList;
			buildConfigurations = (
				955A533724DAC15F00A49003 /* Debug */,
				955A533824DAC15F00A49003 /* Release */,
			);
			defaultConfigurationIsVisible = 0;
			defaultConfigurationName = Release;
		};
/* End XCConfigurationList section */
	};
	rootObject = 955A530824DAC0A300A49003 /* Project object */;
}
